
Microsoft Visual Studio Solution File, Format Version 12.00
# Visual Studio Version 17
VisualStudioVersion = 17.0.31903.59
MinimumVisualStudioVersion = 10.0.40219.1
Project("{9A19103F-16F7-4668-BE54-9A1E7A4F7556}") = "Bongo.Core", "Bongo.Core\Bongo.Core.csproj", "{3744F589-8810-4B75-888C-3D4E15449359}"
EndProject
Project("{9A19103F-16F7-4668-BE54-9A1E7A4F7556}") = "Bongo.DataAccess", "Bongo.DataAccess\Bongo.DataAccess.csproj", "{B4D52566-0803-4E1F-9D3C-6687BFC046B3}"
EndProject
Project("{9A19103F-16F7-4668-BE54-9A1E7A4F7556}") = "Bongo.Models", "Bongo.Models\Bongo.Models.csproj", "{26E8B42A-6C7C-4C0F-99AC-002040C8EF62}"
EndProject
Project("{9A19103F-16F7-4668-BE54-9A1E7A4F7556}") = "Bongo.Web", "Bongo.Web\Bongo.Web.csproj", "{7C1C5062-F18A-404A-A64E-4B0E20A561DE}"
EndProject
Project("{2150E333-8FDC-42A3-9474-1A3956D46DE8}") = "BongoWeb", "BongoWeb", "{D8F0F67E-1EAD-4E3F-AE32-AF8318953D4D}"
EndProject
Project("{9A19103F-16F7-4668-BE54-9A1E7A4F7556}") = "Bongo.Models.Tests", "Bongo.Models.Tests\Bongo.Models.Tests.csproj", "{6502E6F1-A4B4-4F9E-8A51-95FB9A7BA652}"
EndProject
Project("{9A19103F-16F7-4668-BE54-9A1E7A4F7556}") = "Bongo.DataAccess.Tests", "Bongo.DataAccess.Tests\Bongo.DataAccess.Tests.csproj", "{EB1388C9-3C28-4BCB-944B-B0529453D0E5}"
EndProject
Project("{FAE04EC0-301F-11D3-BF4B-00C04F79EFBC}") = "Bongo.Core.Tests", "Bongo.Core.Tests\Bongo.Core.Tests.csproj", "{A303B2BF-D08E-4E20-B414-B124696274E3}"
EndProject
Global
	GlobalSection(SolutionConfigurationPlatforms) = preSolution
		Debug|Any CPU = Debug|Any CPU
		Release|Any CPU = Release|Any CPU
	EndGlobalSection
	GlobalSection(ProjectConfigurationPlatforms) = postSolution
		{3744F589-8810-4B75-888C-3D4E15449359}.Debug|Any CPU.ActiveCfg = Debug|Any CPU
		{3744F589-8810-4B75-888C-3D4E15449359}.Debug|Any CPU.Build.0 = Debug|Any CPU
		{3744F589-8810-4B75-888C-3D4E15449359}.Release|Any CPU.ActiveCfg = Release|Any CPU
		{3744F589-8810-4B75-888C-3D4E15449359}.Release|Any CPU.Build.0 = Release|Any CPU
		{B4D52566-0803-4E1F-9D3C-6687BFC046B3}.Debug|Any CPU.ActiveCfg = Debug|Any CPU
		{B4D52566-0803-4E1F-9D3C-6687BFC046B3}.Debug|Any CPU.Build.0 = Debug|Any CPU
		{B4D52566-0803-4E1F-9D3C-6687BFC046B3}.Release|Any CPU.ActiveCfg = Release|Any CPU
		{B4D52566-0803-4E1F-9D3C-6687BFC046B3}.Release|Any CPU.Build.0 = Release|Any CPU
		{26E8B42A-6C7C-4C0F-99AC-002040C8EF62}.Debug|Any CPU.ActiveCfg = Debug|Any CPU
		{26E8B42A-6C7C-4C0F-99AC-002040C8EF62}.Debug|Any CPU.Build.0 = Debug|Any CPU
		{26E8B42A-6C7C-4C0F-99AC-002040C8EF62}.Release|Any CPU.ActiveCfg = Release|Any CPU
		{26E8B42A-6C7C-4C0F-99AC-002040C8EF62}.Release|Any CPU.Build.0 = Release|Any CPU
		{7C1C5062-F18A-404A-A64E-4B0E20A561DE}.Debug|Any CPU.ActiveCfg = Debug|Any CPU
		{7C1C5062-F18A-404A-A64E-4B0E20A561DE}.Debug|Any CPU.Build.0 = Debug|Any CPU
		{7C1C5062-F18A-404A-A64E-4B0E20A561DE}.Release|Any CPU.ActiveCfg = Release|Any CPU
		{7C1C5062-F18A-404A-A64E-4B0E20A561DE}.Release|Any CPU.Build.0 = Release|Any CPU
		{6502E6F1-A4B4-4F9E-8A51-95FB9A7BA652}.Debug|Any CPU.ActiveCfg = Debug|Any CPU
		{6502E6F1-A4B4-4F9E-8A51-95FB9A7BA652}.Debug|Any CPU.Build.0 = Debug|Any CPU
		{6502E6F1-A4B4-4F9E-8A51-95FB9A7BA652}.Release|Any CPU.ActiveCfg = Release|Any CPU
		{6502E6F1-A4B4-4F9E-8A51-95FB9A7BA652}.Release|Any CPU.Build.0 = Release|Any CPU
		{EB1388C9-3C28-4BCB-944B-B0529453D0E5}.Debug|Any CPU.ActiveCfg = Debug|Any CPU
		{EB1388C9-3C28-4BCB-944B-B0529453D0E5}.Debug|Any CPU.Build.0 = Debug|Any CPU
		{EB1388C9-3C28-4BCB-944B-B0529453D0E5}.Release|Any CPU.ActiveCfg = Release|Any CPU
		{EB1388C9-3C28-4BCB-944B-B0529453D0E5}.Release|Any CPU.Build.0 = Release|Any CPU
		{A303B2BF-D08E-4E20-B414-B124696274E3}.Debug|Any CPU.ActiveCfg = Debug|Any CPU
		{A303B2BF-D08E-4E20-B414-B124696274E3}.Debug|Any CPU.Build.0 = Debug|Any CPU
		{A303B2BF-D08E-4E20-B414-B124696274E3}.Release|Any CPU.ActiveCfg = Release|Any CPU
		{A303B2BF-D08E-4E20-B414-B124696274E3}.Release|Any CPU.Build.0 = Release|Any CPU
	EndGlobalSection
	GlobalSection(SolutionProperties) = preSolution
		HideSolutionNode = FALSE
	EndGlobalSection
	GlobalSection(NestedProjects) = preSolution
		{3744F589-8810-4B75-888C-3D4E15449359} = {D8F0F67E-1EAD-4E3F-AE32-AF8318953D4D}
		{B4D52566-0803-4E1F-9D3C-6687BFC046B3} = {D8F0F67E-1EAD-4E3F-AE32-AF8318953D4D}
		{26E8B42A-6C7C-4C0F-99AC-002040C8EF62} = {D8F0F67E-1EAD-4E3F-AE32-AF8318953D4D}
		{EB1388C9-3C28-4BCB-944B-B0529453D0E5} = {D8F0F67E-1EAD-4E3F-AE32-AF8318953D4D}
		{A303B2BF-D08E-4E20-B414-B124696274E3} = {D8F0F67E-1EAD-4E3F-AE32-AF8318953D4D}
	EndGlobalSection
	GlobalSection(ExtensibilityGlobals) = postSolution
		SolutionGuid = {BBE55F16-4C7B-4DDA-ADF7-23A4286A2805}
	EndGlobalSection
EndGlobal
